github.com/davecgh/go-spew v1.1.0/go.mod h1:J7Y8YcW2NihsgmVo/mv3lAwl/skON4iLHjSsI+c5H38=
github.com/eyedeekay/firefox-static v0.0.0-20200318050556-0fc0f3c7e02c h1:p4turd3pD3hNflGVOXt8sIJMYntAIipjXn0pcuwR9IY=
github.com/eyedeekay/firefox-static v0.0.0-20200318050556-0fc0f3c7e02c/go.mod h1:19sprywVFEkDqSW+sDnIDPHSQJzi82ctRdu+ch842Dc=
github.com/eyedeekay/ramp v0.0.0-20190429201811-305b382042ab h1:EfTRHxGSbiaEyxNzvKRBWVIDw3mD8xXGxj4gvwFzY7Q=
github.com/eyedeekay/ramp v0.0.0-20190429201811-305b382042ab/go.mod h1:h7mvUAMgZ/rtRDUOkvKTK+8LnDMeUhJSoa5EPdB51fc=
github.com/eyedeekay/sam3 v0.32.2 h1:xODDY5nBVg0oK7KaYk7ofkXFoHPsmI1umhSv1TZlS7s=
github.com/eyedeekay/sam3 v0.32.2/go.mod h1:Y3igFVzN4ybqkkpfUWULGhw7WRp8lieq0ORXbLBbcZM=
github.com/pion/logging v0.2.2 h1:M9+AIj/+pxNsDfAT64+MAVgJO0rsyLnoJKCqf//DoeY=
github.com/pion/logging v0.2.2/go.mod h1:k0/tDVsRCX2Mb2ZEmTqNa7CWsQPc+YYCB7Q+5pahoms=
github.com/pion/stun v0.3.3 h1:brYuPl9bN9w/VM7OdNzRSLoqsnwlyNvD9MVeJrHjDQw=
github.com/pion/stun v0.3.3/go.mod h1:xrCld6XM+6GWDZdvjPlLMsTU21rNxnO6UO8XsAvHr/M=
github.com/pion/transport v0.8.10 h1:lTiobMEw2PG6BH/mgIVqTV2mBp/mPT+IJLaN8ZxgdHk=
github.com/pion/transport v0.8.10/go.mod h1:tBmha/UCjpum5hqTWhfAEs3CO4/tHSg0MYRhSzR+CZ8=
github.com/pion/turn v1.4.0 h1:7NUMRehQz4fIo53Qv9ui1kJ0Kr1CA82I81RHKHCeM80=
github.com/pion/turn/v2 v2.0.3 h1:SJUUIbcPoehlyZgMyIUbBBDhI03sBx32x3JuSIBKBWA=
github.com/pion/turn/v2 v2.0.3/go.mod h1:kl1hmT3NxcLynpXVnwJgObL8C9NaCyPTeqI2DcCpSZs=
github.com/pkg/errors v0.8.1/go.mod h1:bwawxfHBFNV+L2hUp1rHADufV3IMtnDRdf1r5NINEl0=
github.com/pmezard/go-difflib v1.0.0/go.mod h1:iKH77koFhYxTK1pcRnkKkqfTogsbg7gZNVY4sRDYZ/4=
github.com/stretchr/objx v0.1.0/go.mod h1:HFkY916IF+rwdDfMAkV7OtwuqBVzrE8GR6GFx+wExME=
github.com/stretchr/testify v1.4.0/go.mod h1:j7eGeouHqKxXV5pUuKE4zz7dFj8WfuZ+81PSLYec5m4=
gopkg.in/check.v1 v0.0.0-20161208181325-20d25e280405/go.mod h1:Co6ibVJAznAaIkqp8huTwlJQCZ016jof/cbN4VW5Yz0=
gopkg.in/yaml.v2 v2.2.2/go.mod h1:hI93XBmqTisBFMUTm0b8Fm+jr3Dg1NNxqwp+5A1VGuI=
